
Microsoft Visual Studio Solution File, Format Version 12.00
# Visual Studio 14
VisualStudioVersion = 14.0.25420.1
MinimumVisualStudioVersion = 10.0.40219.1
Project("{8BC9CEB8-8B4A-11D0-8D11-00A0C91BC942}") = "HelloGitHub", "HelloGitHub\HelloGitHub.vcxproj", "{7F4F6102-C75A-48E6-8D8D-6BCC6C57A7FF}"
EndProject
Project("{8BC9CEB8-8B4A-11D0-8D11-00A0C91BC942}") = "Random​ EnemyGenerator", "Random​ EnemyGenerator\Random​ EnemyGenerator.vcxproj", "{88EE22E4-12E7-4FAF-8452-51645C0C7529}"
EndProject
Project("{8BC9CEB8-8B4A-11D0-8D11-00A0C91BC942}") = "TheWalkingDead1", "TheWalkingDead1\TheWalkingDead1.vcxproj", "{85A0B93D-CC67-475E-A706-4126F89F47CD}"
EndProject
Project("{8BC9CEB8-8B4A-11D0-8D11-00A0C91BC942}") = "DynArray", "DynArray\DynArray.vcxproj", "{F58B7A62-F603-4AE4-B56C-7E4B20AA49BE}"
EndProject
Global
	GlobalSection(SolutionConfigurationPlatforms) = preSolution
		Debug|x64 = Debug|x64
		Debug|x86 = Debug|x86
		Release|x64 = Release|x64
		Release|x86 = Release|x86
	EndGlobalSection
	GlobalSection(ProjectConfigurationPlatforms) = postSolution
		{7F4F6102-C75A-48E6-8D8D-6BCC6C57A7FF}.Debug|x64.ActiveCfg = Debug|x64
		{7F4F6102-C75A-48E6-8D8D-6BCC6C57A7FF}.Debug|x64.Build.0 = Debug|x64
		{7F4F6102-C75A-48E6-8D8D-6BCC6C57A7FF}.Debug|x86.ActiveCfg = Debug|Win32
		{7F4F6102-C75A-48E6-8D8D-6BCC6C57A7FF}.Debug|x86.Build.0 = Debug|Win32
		{7F4F6102-C75A-48E6-8D8D-6BCC6C57A7FF}.Release|x64.ActiveCfg = Release|x64
		{7F4F6102-C75A-48E6-8D8D-6BCC6C57A7FF}.Release|x64.Build.0 = Release|x64
		{7F4F6102-C75A-48E6-8D8D-6BCC6C57A7FF}.Release|x86.ActiveCfg = Release|Win32
		{7F4F6102-C75A-48E6-8D8D-6BCC6C57A7FF}.Release|x86.Build.0 = Release|Win32
		{88EE22E4-12E7-4FAF-8452-51645C0C7529}.Debug|x64.ActiveCfg = Debug|x64
		{88EE22E4-12E7-4FAF-8452-51645C0C7529}.Debug|x64.Build.0 = Debug|x64
		{88EE22E4-12E7-4FAF-8452-51645C0C7529}.Debug|x86.ActiveCfg = Debug|Win32
		{88EE22E4-12E7-4FAF-8452-51645C0C7529}.Debug|x86.Build.0 = Debug|Win32
		{88EE22E4-12E7-4FAF-8452-51645C0C7529}.Release|x64.ActiveCfg = Release|x64
		{88EE22E4-12E7-4FAF-8452-51645C0C7529}.Release|x64.Build.0 = Release|x64
		{88EE22E4-12E7-4FAF-8452-51645C0C7529}.Release|x86.ActiveCfg = Release|Win32
		{88EE22E4-12E7-4FAF-8452-51645C0C7529}.Release|x86.Build.0 = Release|Win32
		{85A0B93D-CC67-475E-A706-4126F89F47CD}.Debug|x64.ActiveCfg = Debug|x64
		{85A0B93D-CC67-475E-A706-4126F89F47CD}.Debug|x64.Build.0 = Debug|x64
		{85A0B93D-CC67-475E-A706-4126F89F47CD}.Debug|x86.ActiveCfg = Debug|Win32
		{85A0B93D-CC67-475E-A706-4126F89F47CD}.Debug|x86.Build.0 = Debug|Win32
		{85A0B93D-CC67-475E-A706-4126F89F47CD}.Release|x64.ActiveCfg = Release|x64
		{85A0B93D-CC67-475E-A706-4126F89F47CD}.Release|x64.Build.0 = Release|x64
		{85A0B93D-CC67-475E-A706-4126F89F47CD}.Release|x86.ActiveCfg = Release|Win32
		{85A0B93D-CC67-475E-A706-4126F89F47CD}.Release|x86.Build.0 = Release|Win32
		{F58B7A62-F603-4AE4-B56C-7E4B20AA49BE}.Debug|x64.ActiveCfg = Debug|x64
		{F58B7A62-F603-4AE4-B56C-7E4B20AA49BE}.Debug|x64.Build.0 = Debug|x64
		{F58B7A62-F603-4AE4-B56C-7E4B20AA49BE}.Debug|x86.ActiveCfg = Debug|Win32
		{F58B7A62-F603-4AE4-B56C-7E4B20AA49BE}.Debug|x86.Build.0 = Debug|Win32
		{F58B7A62-F603-4AE4-B56C-7E4B20AA49BE}.Release|x64.ActiveCfg = Release|x64
		{F58B7A62-F603-4AE4-B56C-7E4B20AA49BE}.Release|x64.Build.0 = Release|x64
		{F58B7A62-F603-4AE4-B56C-7E4B20AA49BE}.Release|x86.ActiveCfg = Release|Win32
		{F58B7A62-F603-4AE4-B56C-7E4B20AA49BE}.Release|x86.Build.0 = Release|Win32
	EndGlobalSection
	GlobalSection(SolutionProperties) = preSolution
		HideSolutionNode = FALSE
	EndGlobalSection
EndGlobal
